// !$*UTF8*$!
{
	archiveVersion = 1;
	classes = {
	};
	objectVersion = 50;
	objects = {

/* Begin PBXBuildFile section */
		98148BF323D2468F00DCC706 /* AppDelegate.swift in Sources */ = {isa = PBXBuildFile; fileRef = 98148BF223D2468F00DCC706 /* AppDelegate.swift */; };
		98148BF523D2468F00DCC706 /* SceneDelegate.swift in Sources */ = {isa = PBXBuildFile; fileRef = 98148BF423D2468F00DCC706 /* SceneDelegate.swift */; };
		98148BF723D2468F00DCC706 /* ViewController.swift in Sources */ = {isa = PBXBuildFile; fileRef = 98148BF623D2468F00DCC706 /* ViewController.swift */; };
		98148BFA23D2468F00DCC706 /* Main.storyboard in Resources */ = {isa = PBXBuildFile; fileRef = 98148BF823D2468F00DCC706 /* Main.storyboard */; };
		98148BFC23D2469200DCC706 /* Assets.xcassets in Resources */ = {isa = PBXBuildFile; fileRef = 98148BFB23D2469200DCC706 /* Assets.xcassets */; };
		98148BFF23D2469200DCC706 /* LaunchScreen.storyboard in Resources */ = {isa = PBXBuildFile; fileRef = 98148BFD23D2469200DCC706 /* LaunchScreen.storyboard */; };
		98B702B423D3109300942E6E /* A.wav in Resources */ = {isa = PBXBuildFile; fileRef = 98B702AD23D3109300942E6E /* A.wav */; };
		98B702B523D3109300942E6E /* C.wav in Resources */ = {isa = PBXBuildFile; fileRef = 98B702AE23D3109300942E6E /* C.wav */; };
		98B702B623D3109300942E6E /* B.wav in Resources */ = {isa = PBXBuildFile; fileRef = 98B702AF23D3109300942E6E /* B.wav */; };
		98B702B723D3109300942E6E /* F.wav in Resources */ = {isa = PBXBuildFile; fileRef = 98B702B023D3109300942E6E /* F.wav */; };
		98B702B823D3109300942E6E /* G.wav in Resources */ = {isa = PBXBuildFile; fileRef = 98B702B123D3109300942E6E /* G.wav */; };
		98B702B923D3109300942E6E /* E.wav in Resources */ = {isa = PBXBuildFile; fileRef = 98B702B223D3109300942E6E /* E.wav */; };
		98B702BA23D3109300942E6E /* D.wav in Resources */ = {isa = PBXBuildFile; fileRef = 98B702B323D3109300942E6E /* D.wav */; };
/* End PBXBuildFile section */

/* Begin PBXFileReference section */
		98148BEF23D2468F00DCC706 /* Xylophone.app */ = {isa = PBXFileReference; explicitFileType = wrapper.application; includeInIndex = 0; path = Xylophone.app; sourceTree = BUILT_PRODUCTS_DIR; };
		98148BF223D2468F00DCC706 /* AppDelegate.swift */ = {isa = PBXFileReference; lastKnownFileType = sourcecode.swift; path = AppDelegate.swift; sourceTree = "<group>"; };
		98148BF423D2468F00DCC706 /* SceneDelegate.swift */ = {isa = PBXFileReference; lastKnownFileType = sourcecode.swift; path = SceneDelegate.swift; sourceTree = "<group>"; };
		98148BF623D2468F00DCC706 /* ViewController.swift */ = {isa = PBXFileReference; lastKnownFileType = sourcecode.swift; path = ViewController.swift; sourceTree = "<group>"; };
		98148BF923D2468F00DCC706 /* Base */ = {isa = PBXFileReference; lastKnownFileType = file.storyboard; name = Base; path = Base.lproj/Main.storyboard; sourceTree = "<group>"; };
		98148BFB23D2469200DCC706 /* Assets.xcassets */ = {isa = PBXFileReference; lastKnownFileType = folder.assetcatalog; path = Assets.xcassets; sourceTree = "<group>"; };
		98148BFE23D2469200DCC706 /* Base */ = {isa = PBXFileReference; lastKnownFileType = file.storyboard; name = Base; path = Base.lproj/LaunchScreen.storyboard; sourceTree = "<group>"; };
		98148C0023D2469200DCC706 /* Info.plist */ = {isa = PBXFileReference; lastKnownFileType = text.plist.xml; path = Info.plist; sourceTree = "<group>"; };
		98B702AD23D3109300942E6E /* A.wav */ = {isa = PBXFileReference; lastKnownFileType = audio.wav; path = A.wav; sourceTree = "<group>"; };
		98B702AE23D3109300942E6E /* C.wav */ = {isa = PBXFileReference; lastKnownFileType = audio.wav; path = C.wav; sourceTree = "<group>"; };
		98B702AF23D3109300942E6E /* B.wav */ = {isa = PBXFileReference; lastKnownFileType = audio.wav; path = B.wav; sourceTree = "<group>"; };
		98B702B023D3109300942E6E /* F.wav */ = {isa = PBXFileReference; lastKnownFileType = audio.wav; path = F.wav; sourceTree = "<group>"; };
		98B702B123D3109300942E6E /* G.wav */ = {isa = PBXFileReference; lastKnownFileType = audio.wav; path = G.wav; sourceTree = "<group>"; };
		98B702B223D3109300942E6E /* E.wav */ = {isa = PBXFileReference; lastKnownFileType = audio.wav; path = E.wav; sourceTree = "<group>"; };
		98B702B323D3109300942E6E /* D.wav */ = {isa = PBXFileReference; lastKnownFileType = audio.wav; path = D.wav; sourceTree = "<group>"; };
/* End PBXFileReference section */

/* Begin PBXFrameworksBuildPhase section */
		98148BEC23D2468F00DCC706 /* Frameworks */ = {
			isa = PBXFrameworksBuildPhase;
			buildActionMask = 2147483647;
			files = (
			);
			runOnlyForDeploymentPostprocessing = 0;
		};
/* End PBXFrameworksBuildPhase section */

/* Begin PBXGroup section */
		98148BE623D2468F00DCC706 = {
			isa = PBXGroup;
			children = (
				98148BF123D2468F00DCC706 /* Xylophone */,
				98148BF023D2468F00DCC706 /* Products */,
			);
			sourceTree = "<group>";
		};
		98148BF023D2468F00DCC706 /* Products */ = {
			isa = PBXGroup;
			children = (
				98148BEF23D2468F00DCC706 /* Xylophone.app */,
			);
			name = Products;
			sourceTree = "<group>";
		};
		98148BF123D2468F00DCC706 /* Xylophone */ = {
			isa = PBXGroup;
			children = (
				98148BF223D2468F00DCC706 /* AppDelegate.swift */,
				98148BF423D2468F00DCC706 /* SceneDelegate.swift */,
				98148BF623D2468F00DCC706 /* ViewController.swift */,
				98148BF823D2468F00DCC706 /* Main.storyboard */,
				98148BFB23D2469200DCC706 /* Assets.xcassets */,
				98148BFD23D2469200DCC706 /* LaunchScreen.storyboard */,
				98148C0023D2469200DCC706 /* Info.plist */,
				98B702AC23D3109300942E6E /* Sounds */,
			);
			path = Xylophone;
			sourceTree = "<group>";
		};
		98B702AC23D3109300942E6E /* Sounds */ = {
			isa = PBXGroup;
			children = (
				98B702AD23D3109300942E6E /* A.wav */,
				98B702AE23D3109300942E6E /* C.wav */,
				98B702AF23D3109300942E6E /* B.wav */,
				98B702B023D3109300942E6E /* F.wav */,
				98B702B123D3109300942E6E /* G.wav */,
				98B702B223D3109300942E6E /* E.wav */,
				98B702B323D3109300942E6E /* D.wav */,
			);
			path = Sounds;
			sourceTree = "<group>";
		};
/* End PBXGroup section */

/* Begin PBXNativeTarget section */
		98148BEE23D2468F00DCC706 /* Xylophone */ = {
			isa = PBXNativeTarget;
			buildConfigurationList = 98148C0323D2469200DCC706 /* Build configuration list for PBXNativeTarget "Xylophone" */;
			buildPhases = (
				98148BEB23D2468F00DCC706 /* Sources */,
				98148BEC23D2468F00DCC706 /* Frameworks */,
				98148BED23D2468F00DCC706 /* Resources */,
			);
			buildRules = (
			);
			dependencies = (
			);
			name = Xylophone;
			productName = Xylophone;
			productReference = 98148BEF23D2468F00DCC706 /* Xylophone.app */;
			productType = "com.apple.product-type.application";
		};
/* End PBXNativeTarget section */

/* Begin PBXProject section */
		98148BE723D2468F00DCC706 /* Project object */ = {
			isa = PBXProject;
			attributes = {
				LastSwiftUpdateCheck = 1130;
				LastUpgradeCheck = 1130;
				ORGANIZATIONNAME = "Alikhan Batchaev";
				TargetAttributes = {
					98148BEE23D2468F00DCC706 = {
						CreatedOnToolsVersion = 11.3.1;
					};
				};
			};
			buildConfigurationList = 98148BEA23D2468F00DCC706 /* Build configuration list for PBXProject "Xylophone" */;
			compatibilityVersion = "Xcode 9.3";
			developmentRegion = en;
			hasScannedForEncodings = 0;
			knownRegions = (
				en,
				Base,
			);
			mainGroup = 98148BE623D2468F00DCC706;
			productRefGroup = 98148BF023D2468F00DCC706 /* Products */;
			projectDirPath = "";
			projectRoot = "";
			targets = (
				98148BEE23D2468F00DCC706 /* Xylophone */,
			);
		};
/* End PBXProject section */

/* Begin PBXResourcesBuildPhase section */
		98148BED23D2468F00DCC706 /* Resources */ = {
			isa = PBXResourcesBuildPhase;
			buildActionMask = 2147483647;
			files = (
				98B702B823D3109300942E6E /* G.wav in Resources */,
				98148BFF23D2469200DCC706 /* LaunchScreen.storyboard in Resources */,
				98B702B723D3109300942E6E /* F.wav in Resources */,
				98148BFC23D2469200DCC706 /* Assets.xcassets in Resources */,
				98B702B423D3109300942E6E /* A.wav in Resources */,
				98B702B623D3109300942E6E /* B.wav in Resources */,
				98B702B923D3109300942E6E /* E.wav in Resources */,
				98B702BA23D3109300942E6E /* D.wav in Resources */,
				98148BFA23D2468F00DCC706 /* Main.storyboard in Resources */,
				98B702B523D3109300942E6E /* C.wav in Resources */,
			);
			runOnlyForDeploymentPostprocessing = 0;
		};
/* End PBXResourcesBuildPhase section */

/* Begin PBXSourcesBuildPhase section */
		98148BEB23D2468F00DCC706 /* Sources */ = {
			isa = PBXSourcesBuildPhase;
			buildActionMask = 2147483647;
			files = (
				98148BF723D2468F00DCC706 /* ViewController.swift in Sources */,
				98148BF323D2468F00DCC706 /* AppDelegate.swift in Sources */,
				98148BF523D2468F00DCC706 /* SceneDelegate.swift in Sources */,
			);
			runOnlyForDeploymentPostprocessing = 0;
		};
/* End PBXSourcesBuildPhase section */

/* Begin PBXVariantGroup section */
		98148BF823D2468F00DCC706 /* Main.storyboard */ = {
			isa = PBXVariantGroup;
			children = (
				98148BF923D2468F00DCC706 /* Base */,
			);
			name = Main.storyboard;
			sourceTree = "<group>";
		};
		98148BFD23D2469200DCC706 /* LaunchScreen.storyboard */ = {
			isa = PBXVariantGroup;
			children = (
				98148BFE23D2469200DCC706 /* Base */,
			);
			name = LaunchScreen.storyboard;
			sourceTree = "<group>";
		};
/* End PBXVariantGroup section */

/* Begin XCBuildConfiguration section */
		98148C0123D2469200DCC706 /* Debug */ = {
			isa = XCBuildConfiguration;
			buildSettings = {
				ALWAYS_SEARCH_USER_PATHS = NO;
				CLANG_ANALYZER_NONNULL = YES;
				CLANG_ANALYZER_NUMBER_OBJECT_CONVERSION = YES_AGGRESSIVE;
				CLANG_CXX_LANGUAGE_STANDARD = "gnu++14";
				CLANG_CXX_LIBRARY = "libc++";
				CLANG_ENABLE_MODULES = YES;
				CLANG_ENABLE_OBJC_ARC = YES;
				CLANG_ENABLE_OBJC_WEAK = YES;
				CLANG_WARN_BLOCK_CAPTURE_AUTORELEASING = YES;
				CLANG_WARN_BOOL_CONVERSION = YES;
				CLANG_WARN_COMMA = YES;
				CLANG_WARN_CONSTANT_CONVERSION = YES;
				CLANG_WARN_DEPRECATED_OBJC_IMPLEMENTATIONS = YES;
				CLANG_WARN_DIRECT_OBJC_ISA_USAGE = YES_ERROR;
				CLANG_WARN_DOCUMENTATION_COMMENTS = YES;
				CLANG_WARN_EMPTY_BODY = YES;
				CLANG_WARN_ENUM_CONVERSION = YES;
				CLANG_WARN_INFINITE_RECURSION = YES;
				CLANG_WARN_INT_CONVERSION = YES;
				CLANG_WARN_NON_LITERAL_NULL_CONVERSION = YES;
				CLANG_WARN_OBJC_IMPLICIT_RETAIN_SELF = YES;
				CLANG_WARN_OBJC_LITERAL_CONVERSION = YES;
				CLANG_WARN_OBJC_ROOT_CLASS = YES_ERROR;
				CLANG_WARN_RANGE_LOOP_ANALYSIS = YES;
				CLANG_WARN_STRICT_PROTOTYPES = YES;
				CLANG_WARN_SUSPICIOUS_MOVE = YES;
				CLANG_WARN_UNGUARDED_AVAILABILITY = YES_AGGRESSIVE;
				CLANG_WARN_UNREACHABLE_CODE = YES;
				CLANG_WARN__DUPLICATE_METHOD_MATCH = YES;
				COPY_PHASE_STRIP = NO;
				DEBUG_INFORMATION_FORMAT = dwarf;
				ENABLE_STRICT_OBJC_MSGSEND = YES;
				ENABLE_TESTABILITY = YES;
				GCC_C_LANGUAGE_STANDARD = gnu11;
				GCC_DYNAMIC_NO_PIC = NO;
				GCC_NO_COMMON_BLOCKS = YES;
				GCC_OPTIMIZATION_LEVEL = 0;
				GCC_PREPROCESSOR_DEFINITIONS = (
					"DEBUG=1",
					"$(inherited)",
				);
				GCC_WARN_64_TO_32_BIT_CONVERSION = YES;
				GCC_WARN_ABOUT_RETURN_TYPE = YES_ERROR;
				GCC_WARN_UNDECLARED_SELECTOR = YES;
				GCC_WARN_UNINITIALIZED_AUTOS = YES_AGGRESSIVE;
				GCC_WARN_UNUSED_FUNCTION = YES;
				GCC_WARN_UNUSED_VARIABLE = YES;
				IPHONEOS_DEPLOYMENT_TARGET = 13.2;
				MTL_ENABLE_DEBUG_INFO = INCLUDE_SOURCE;
				MTL_FAST_MATH = YES;
				ONLY_ACTIVE_ARCH = YES;
				SDKROOT = iphoneos;
				SWIFT_ACTIVE_COMPILATION_CONDITIONS = DEBUG;
				SWIFT_OPTIMIZATION_LEVEL = "-Onone";
			};
			name = Debug;
		};
		98148C0223D2469200DCC706 /* Release */ = {
			isa = XCBuildConfiguration;
			buildSettings = {
				ALWAYS_SEARCH_USER_PATHS = NO;
				CLANG_ANALYZER_NONNULL = YES;
				CLANG_ANALYZER_NUMBER_OBJECT_CONVERSION = YES_AGGRESSIVE;
				CLANG_CXX_LANGUAGE_STANDARD = "gnu++14";
				CLANG_CXX_LIBRARY = "libc++";
				CLANG_ENABLE_MODULES = YES;
				CLANG_ENABLE_OBJC_ARC = YES;
				CLANG_ENABLE_OBJC_WEAK = YES;
				CLANG_WARN_BLOCK_CAPTURE_AUTORELEASING = YES;
				CLANG_WARN_BOOL_CONVERSION = YES;
				CLANG_WARN_COMMA = YES;
				CLANG_WARN_CONSTANT_CONVERSION = YES;
				CLANG_WARN_DEPRECATED_OBJC_IMPLEMENTATIONS = YES;
				CLANG_WARN_DIRECT_OBJC_ISA_USAGE = YES_ERROR;
				CLANG_WARN_DOCUMENTATION_COMMENTS = YES;
				CLANG_WARN_EMPTY_BODY = YES;
				CLANG_WARN_ENUM_CONVERSION = YES;
				CLANG_WARN_INFINITE_RECURSION = YES;
				CLANG_WARN_INT_CONVERSION = YES;
				CLANG_WARN_NON_LITERAL_NULL_CONVERSION = YES;
				CLANG_WARN_OBJC_IMPLICIT_RETAIN_SELF = YES;
				CLANG_WARN_OBJC_LITERAL_CONVERSION = YES;
				CLANG_WARN_OBJC_ROOT_CLASS = YES_ERROR;
				CLANG_WARN_RANGE_LOOP_ANALYSIS = YES;
				CLANG_WARN_STRICT_PROTOTYPES = YES;
				CLANG_WARN_SUSPICIOUS_MOVE = YES;
				CLANG_WARN_UNGUARDED_AVAILABILITY = YES_AGGRESSIVE;
				CLANG_WARN_UNREACHABLE_CODE = YES;
				CLANG_WARN__DUPLICATE_METHOD_MATCH = YES;
				COPY_PHASE_STRIP = NO;
				DEBUG_INFORMATION_FORMAT = "dwarf-with-dsym";
				ENABLE_NS_ASSERTIONS = NO;
				ENABLE_STRICT_OBJC_MSGSEND = YES;
				GCC_C_LANGUAGE_STANDARD = gnu11;
				GCC_NO_COMMON_BLOCKS = YES;
				GCC_WARN_64_TO_32_BIT_CONVERSION = YES;
				GCC_WARN_ABOUT_RETURN_TYPE = YES_ERROR;
				GCC_WARN_UNDECLARED_SELECTOR = YES;
				GCC_WARN_UNINITIALIZED_AUTOS = YES_AGGRESSIVE;
				GCC_WARN_UNUSED_FUNCTION = YES;
				GCC_WARN_UNUSED_VARIABLE = YES;
				IPHONEOS_DEPLOYMENT_TARGET = 13.2;
				MTL_ENABLE_DEBUG_INFO = NO;
				MTL_FAST_MATH = YES;
				SDKROOT = iphoneos;
				SWIFT_COMPILATION_MODE = wholemodule;
				SWIFT_OPTIMIZATION_LEVEL = "-O";
				VALIDATE_PRODUCT = YES;
			};
			name = Release;
		};
		98148C0423D2469200DCC706 /* Debug */ = {
			isa = XCBuildConfiguration;
			buildSettings = {
				ASSETCATALOG_COMPILER_APPICON_NAME = AppIcon;
				CODE_SIGN_STYLE = Automatic;
				DEVELOPMENT_TEAM = S8YN767A55;
				INFOPLIST_FILE = Xylophone/Info.plist;
				LD_RUNPATH_SEARCH_PATHS = (
					"$(inherited)",
					"@executable_path/Frameworks",
				);
				PRODUCT_BUNDLE_IDENTIFIER = com.teberdinsky.Xylophone;
				PRODUCT_NAME = "$(TARGET_NAME)";
				SWIFT_VERSION = 5.0;
				TARGETED_DEVICE_FAMILY = "1,2";
			};
			name = Debug;
		};
		98148C0523D2469200DCC706 /* Release */ = {
			isa = XCBuildConfiguration;
			buildSettings = {
				ASSETCATALOG_COMPILER_APPICON_NAME = AppIcon;
				CODE_SIGN_STYLE = Automatic;
				DEVELOPMENT_TEAM = S8YN767A55;
				INFOPLIST_FILE = Xylophone/Info.plist;
				LD_RUNPATH_SEARCH_PATHS = (
					"$(inherited)",
					"@executable_path/Frameworks",
				);
				PRODUCT_BUNDLE_IDENTIFIER = com.teberdinsky.Xylophone;
				PRODUCT_NAME = "$(TARGET_NAME)";
				SWIFT_VERSION = 5.0;
				TARGETED_DEVICE_FAMILY = "1,2";
			};
			name = Release;
		};
/* End XCBuildConfiguration section */

/* Begin XCConfigurationList section */
		98148BEA23D2468F00DCC706 /* Build configuration list for PBXProject "Xylophone" */ = {
			isa = XCConfigurationList;
			buildConfigurations = (
				98148C0123D2469200DCC706 /* Debug */,
				98148C0223D2469200DCC706 /* Release */,
			);
			defaultConfigurationIsVisible = 0;
			defaultConfigurationName = Release;
		};
		98148C0323D2469200DCC706 /* Build configuration list for PBXNativeTarget "Xylophone" */ = {
			isa = XCConfigurationList;
			buildConfigurations = (
				98148C0423D2469200DCC706 /* Debug */,
				98148C0523D2469200DCC706 /* Release */,
			);
			defaultConfigurationIsVisible = 0;
			defaultConfigurationName = Release;
		};
/* End XCConfigurationList section */
	};
	rootObject = 98148BE723D2468F00DCC706 /* Project object */;
}
